
Microsoft Visual Studio Solution File, Format Version 12.00
# Visual Studio Version 17
VisualStudioVersion = 17.11.35327.3
MinimumVisualStudioVersion = 10.0.40219.1
Project("{FAE04EC0-301F-11D3-BF4B-00C04F79EFBC}") = "AssessmentSql 3", "AssessmentSql 3\AssessmentSql 3.csproj", "{6A62BF8F-2FB3-4DBF-BE4C-685F0896BF89}"
EndProject
Global
	GlobalSection(SolutionConfigurationPlatforms) = preSolution
		Debug|Any CPU = Debug|Any CPU
		Release|Any CPU = Release|Any CPU
	EndGlobalSection
	GlobalSection(ProjectConfigurationPlatforms) = postSolution
		{6A62BF8F-2FB3-4DBF-BE4C-685F0896BF89}.Debug|Any CPU.ActiveCfg = Debug|Any CPU
		{6A62BF8F-2FB3-4DBF-BE4C-685F0896BF89}.Debug|Any CPU.Build.0 = Debug|Any CPU
		{6A62BF8F-2FB3-4DBF-BE4C-685F0896BF89}.Release|Any CPU.ActiveCfg = Release|Any CPU
		{6A62BF8F-2FB3-4DBF-BE4C-685F0896BF89}.Release|Any CPU.Build.0 = Release|Any CPU
	EndGlobalSection
	GlobalSection(SolutionProperties) = preSolution
		HideSolutionNode = FALSE
	EndGlobalSection
	GlobalSection(ExtensibilityGlobals) = postSolution
		SolutionGuid = {3941B78D-A2DF-44D6-BD05-F95495E4B8D7}
	EndGlobalSection
EndGlobal
