
Microsoft Visual Studio Solution File, Format Version 12.00
# Visual Studio Version 17
VisualStudioVersion = 17.11.35327.3
MinimumVisualStudioVersion = 10.0.40219.1
Project("{FAE04EC0-301F-11D3-BF4B-00C04F79EFBC}") = "Assessment 3", "Assessment 3\Assessment 3.csproj", "{33A0F28E-7A5C-4C34-9125-F749A3A8BD41}"
EndProject
Global
	GlobalSection(SolutionConfigurationPlatforms) = preSolution
		Debug|Any CPU = Debug|Any CPU
		Release|Any CPU = Release|Any CPU
	EndGlobalSection
	GlobalSection(ProjectConfigurationPlatforms) = postSolution
		{33A0F28E-7A5C-4C34-9125-F749A3A8BD41}.Debug|Any CPU.ActiveCfg = Debug|Any CPU
		{33A0F28E-7A5C-4C34-9125-F749A3A8BD41}.Debug|Any CPU.Build.0 = Debug|Any CPU
		{33A0F28E-7A5C-4C34-9125-F749A3A8BD41}.Release|Any CPU.ActiveCfg = Release|Any CPU
		{33A0F28E-7A5C-4C34-9125-F749A3A8BD41}.Release|Any CPU.Build.0 = Release|Any CPU
	EndGlobalSection
	GlobalSection(SolutionProperties) = preSolution
		HideSolutionNode = FALSE
	EndGlobalSection
	GlobalSection(ExtensibilityGlobals) = postSolution
		SolutionGuid = {145DFC24-59C7-457B-AE50-FF3D4BC83AB7}
	EndGlobalSection
EndGlobal
